// !$*UTF8*$!
{
	archiveVersion = 1;
	classes = {
	};
	objectVersion = 46;
	objects = {

/* Begin PBXBuildFile section */
		A2CB494A1D709DAD00DA9B2A /* main.m in Sources */ = {isa = PBXBuildFile; fileRef = A2CB49491D709DAD00DA9B2A /* main.m */; };
		A2CB494D1D709DAD00DA9B2A /* AppDelegate.m in Sources */ = {isa = PBXBuildFile; fileRef = A2CB494C1D709DAD00DA9B2A /* AppDelegate.m */; };
		A2CB49501D709DAD00DA9B2A /* ViewController.m in Sources */ = {isa = PBXBuildFile; fileRef = A2CB494F1D709DAD00DA9B2A /* ViewController.m */; };
		A2CB49531D709DAD00DA9B2A /* Main.storyboard in Resources */ = {isa = PBXBuildFile; fileRef = A2CB49511D709DAD00DA9B2A /* Main.storyboard */; };
		A2CB49551D709DAD00DA9B2A /* Assets.xcassets in Resources */ = {isa = PBXBuildFile; fileRef = A2CB49541D709DAD00DA9B2A /* Assets.xcassets */; };
		A2CB49581D709DAD00DA9B2A /* LaunchScreen.storyboard in Resources */ = {isa = PBXBuildFile; fileRef = A2CB49561D709DAD00DA9B2A /* LaunchScreen.storyboard */; };
		A2CB49601D709DCB00DA9B2A /* MyAudioPlayer.m in Sources */ = {isa = PBXBuildFile; fileRef = A2CB495F1D709DCB00DA9B2A /* MyAudioPlayer.m */; };
		A2CB49641D70A48600DA9B2A /* ThreadPolicy.c in Sources */ = {isa = PBXBuildFile; fileRef = A2CB49621D70A48600DA9B2A /* ThreadPolicy.c */; };
		A2CB496D1D70A53300DA9B2A /* AppDelegate.m in Sources */ = {isa = PBXBuildFile; fileRef = A2CB496C1D70A53300DA9B2A /* AppDelegate.m */; };
		A2CB49701D70A53300DA9B2A /* main.m in Sources */ = {isa = PBXBuildFile; fileRef = A2CB496F1D70A53300DA9B2A /* main.m */; };
		A2CB49731D70A53300DA9B2A /* ViewController.m in Sources */ = {isa = PBXBuildFile; fileRef = A2CB49721D70A53300DA9B2A /* ViewController.m */; };
		A2CB49751D70A53300DA9B2A /* Assets.xcassets in Resources */ = {isa = PBXBuildFile; fileRef = A2CB49741D70A53300DA9B2A /* Assets.xcassets */; };
		A2CB49781D70A53300DA9B2A /* Main.storyboard in Resources */ = {isa = PBXBuildFile; fileRef = A2CB49761D70A53300DA9B2A /* Main.storyboard */; };
		A2CB497D1D70A5EF00DA9B2A /* MyAudioPlayer.m in Sources */ = {isa = PBXBuildFile; fileRef = A2CB495F1D709DCB00DA9B2A /* MyAudioPlayer.m */; };
		A2CB497E1D70A5FE00DA9B2A /* ThreadPolicy.c in Sources */ = {isa = PBXBuildFile; fileRef = A2CB49621D70A48600DA9B2A /* ThreadPolicy.c */; };
/* End PBXBuildFile section */

/* Begin PBXFileReference section */
		A2CB49451D709DAD00DA9B2A /* audiounitobjc.app */ = {isa = PBXFileReference; explicitFileType = wrapper.application; includeInIndex = 0; path = audiounitobjc.app; sourceTree = BUILT_PRODUCTS_DIR; };
		A2CB49491D709DAD00DA9B2A /* main.m */ = {isa = PBXFileReference; lastKnownFileType = sourcecode.c.objc; path = main.m; sourceTree = "<group>"; };
		A2CB494B1D709DAD00DA9B2A /* AppDelegate.h */ = {isa = PBXFileReference; lastKnownFileType = sourcecode.c.h; path = AppDelegate.h; sourceTree = "<group>"; };
		A2CB494C1D709DAD00DA9B2A /* AppDelegate.m */ = {isa = PBXFileReference; lastKnownFileType = sourcecode.c.objc; path = AppDelegate.m; sourceTree = "<group>"; };
		A2CB494E1D709DAD00DA9B2A /* ViewController.h */ = {isa = PBXFileReference; lastKnownFileType = sourcecode.c.h; path = ViewController.h; sourceTree = "<group>"; };
		A2CB494F1D709DAD00DA9B2A /* ViewController.m */ = {isa = PBXFileReference; lastKnownFileType = sourcecode.c.objc; path = ViewController.m; sourceTree = "<group>"; };
		A2CB49521D709DAD00DA9B2A /* Base */ = {isa = PBXFileReference; lastKnownFileType = file.storyboard; name = Base; path = Base.lproj/Main.storyboard; sourceTree = "<group>"; };
		A2CB49541D709DAD00DA9B2A /* Assets.xcassets */ = {isa = PBXFileReference; lastKnownFileType = folder.assetcatalog; path = Assets.xcassets; sourceTree = "<group>"; };
		A2CB49571D709DAD00DA9B2A /* Base */ = {isa = PBXFileReference; lastKnownFileType = file.storyboard; name = Base; path = Base.lproj/LaunchScreen.storyboard; sourceTree = "<group>"; };
		A2CB49591D709DAD00DA9B2A /* Info.plist */ = {isa = PBXFileReference; lastKnownFileType = text.plist.xml; path = Info.plist; sourceTree = "<group>"; };
		A2CB495F1D709DCB00DA9B2A /* MyAudioPlayer.m */ = {isa = PBXFileReference; fileEncoding = 4; lastKnownFileType = sourcecode.c.objc; path = MyAudioPlayer.m; sourceTree = "<group>"; };
		A2CB49611D709E2500DA9B2A /* MyAudioPlayer.h */ = {isa = PBXFileReference; fileEncoding = 4; lastKnownFileType = sourcecode.c.h; path = MyAudioPlayer.h; sourceTree = "<group>"; };
		A2CB49621D70A48600DA9B2A /* ThreadPolicy.c */ = {isa = PBXFileReference; fileEncoding = 4; lastKnownFileType = sourcecode.c.c; path = ThreadPolicy.c; sourceTree = "<group>"; };
		A2CB49631D70A48600DA9B2A /* ThreadPolicy.h */ = {isa = PBXFileReference; fileEncoding = 4; lastKnownFileType = sourcecode.c.h; path = ThreadPolicy.h; sourceTree = "<group>"; };
		A2CB49691D70A53300DA9B2A /* audiounitobjcOSX.app */ = {isa = PBXFileReference; explicitFileType = wrapper.application; includeInIndex = 0; path = audiounitobjcOSX.app; sourceTree = BUILT_PRODUCTS_DIR; };
		A2CB496B1D70A53300DA9B2A /* AppDelegate.h */ = {isa = PBXFileReference; lastKnownFileType = sourcecode.c.h; path = AppDelegate.h; sourceTree = "<group>"; };
		A2CB496C1D70A53300DA9B2A /* AppDelegate.m */ = {isa = PBXFileReference; lastKnownFileType = sourcecode.c.objc; path = AppDelegate.m; sourceTree = "<group>"; };
		A2CB496F1D70A53300DA9B2A /* main.m */ = {isa = PBXFileReference; lastKnownFileType = sourcecode.c.objc; path = main.m; sourceTree = "<group>"; };
		A2CB49711D70A53300DA9B2A /* ViewController.h */ = {isa = PBXFileReference; lastKnownFileType = sourcecode.c.h; path = ViewController.h; sourceTree = "<group>"; };
		A2CB49721D70A53300DA9B2A /* ViewController.m */ = {isa = PBXFileReference; lastKnownFileType = sourcecode.c.objc; path = ViewController.m; sourceTree = "<group>"; };
		A2CB49741D70A53300DA9B2A /* Assets.xcassets */ = {isa = PBXFileReference; lastKnownFileType = folder.assetcatalog; path = Assets.xcassets; sourceTree = "<group>"; };
		A2CB49771D70A53300DA9B2A /* Base */ = {isa = PBXFileReference; lastKnownFileType = file.storyboard; name = Base; path = Base.lproj/Main.storyboard; sourceTree = "<group>"; };
		A2CB49791D70A53300DA9B2A /* Info.plist */ = {isa = PBXFileReference; lastKnownFileType = text.plist.xml; path = Info.plist; sourceTree = "<group>"; };
/* End PBXFileReference section */

/* Begin PBXFrameworksBuildPhase section */
		A2CB49421D709DAD00DA9B2A /* Frameworks */ = {
			isa = PBXFrameworksBuildPhase;
			buildActionMask = 2147483647;
			files = (
			);
			runOnlyForDeploymentPostprocessing = 0;
		};
		A2CB49661D70A53300DA9B2A /* Frameworks */ = {
			isa = PBXFrameworksBuildPhase;
			buildActionMask = 2147483647;
			files = (
			);
			runOnlyForDeploymentPostprocessing = 0;
		};
/* End PBXFrameworksBuildPhase section */

/* Begin PBXGroup section */
		A2CB493C1D709DAD00DA9B2A = {
			isa = PBXGroup;
			children = (
				A2CB49471D709DAD00DA9B2A /* audiounitobjc */,
				A2CB496A1D70A53300DA9B2A /* audiounitobjcOSX */,
				A2CB49461D709DAD00DA9B2A /* Products */,
			);
			sourceTree = "<group>";
		};
		A2CB49461D709DAD00DA9B2A /* Products */ = {
			isa = PBXGroup;
			children = (
				A2CB49451D709DAD00DA9B2A /* audiounitobjc.app */,
				A2CB49691D70A53300DA9B2A /* audiounitobjcOSX.app */,
			);
			name = Products;
			sourceTree = "<group>";
		};
		A2CB49471D709DAD00DA9B2A /* audiounitobjc */ = {
			isa = PBXGroup;
			children = (
				A2CB494B1D709DAD00DA9B2A /* AppDelegate.h */,
				A2CB494C1D709DAD00DA9B2A /* AppDelegate.m */,
				A2CB49541D709DAD00DA9B2A /* Assets.xcassets */,
				A2CB49591D709DAD00DA9B2A /* Info.plist */,
				A2CB49561D709DAD00DA9B2A /* LaunchScreen.storyboard */,
				A2CB49511D709DAD00DA9B2A /* Main.storyboard */,
				A2CB49611D709E2500DA9B2A /* MyAudioPlayer.h */,
				A2CB495F1D709DCB00DA9B2A /* MyAudioPlayer.m */,
				A2CB49481D709DAD00DA9B2A /* Supporting Files */,
				A2CB49621D70A48600DA9B2A /* ThreadPolicy.c */,
				A2CB49631D70A48600DA9B2A /* ThreadPolicy.h */,
				A2CB494E1D709DAD00DA9B2A /* ViewController.h */,
				A2CB494F1D709DAD00DA9B2A /* ViewController.m */,
			);
			path = audiounitobjc;
			sourceTree = "<group>";
		};
		A2CB49481D709DAD00DA9B2A /* Supporting Files */ = {
			isa = PBXGroup;
			children = (
				A2CB49491D709DAD00DA9B2A /* main.m */,
			);
			name = "Supporting Files";
			sourceTree = "<group>";
		};
		A2CB496A1D70A53300DA9B2A /* audiounitobjcOSX */ = {
			isa = PBXGroup;
			children = (
				A2CB496B1D70A53300DA9B2A /* AppDelegate.h */,
				A2CB496C1D70A53300DA9B2A /* AppDelegate.m */,
				A2CB49711D70A53300DA9B2A /* ViewController.h */,
				A2CB49721D70A53300DA9B2A /* ViewController.m */,
				A2CB49741D70A53300DA9B2A /* Assets.xcassets */,
				A2CB49761D70A53300DA9B2A /* Main.storyboard */,
				A2CB49791D70A53300DA9B2A /* Info.plist */,
				A2CB496E1D70A53300DA9B2A /* Supporting Files */,
			);
			path = audiounitobjcOSX;
			sourceTree = "<group>";
		};
		A2CB496E1D70A53300DA9B2A /* Supporting Files */ = {
			isa = PBXGroup;
			children = (
				A2CB496F1D70A53300DA9B2A /* main.m */,
			);
			name = "Supporting Files";
			sourceTree = "<group>";
		};
/* End PBXGroup section */

/* Begin PBXNativeTarget section */
		A2CB49441D709DAD00DA9B2A /* audiounitobjc */ = {
			isa = PBXNativeTarget;
			buildConfigurationList = A2CB495C1D709DAD00DA9B2A /* Build configuration list for PBXNativeTarget "audiounitobjc" */;
			buildPhases = (
				A2CB49411D709DAD00DA9B2A /* Sources */,
				A2CB49421D709DAD00DA9B2A /* Frameworks */,
				A2CB49431D709DAD00DA9B2A /* Resources */,
			);
			buildRules = (
			);
			dependencies = (
			);
			name = audiounitobjc;
			productName = audiounitobjc;
			productReference = A2CB49451D709DAD00DA9B2A /* audiounitobjc.app */;
			productType = "com.apple.product-type.application";
		};
		A2CB49681D70A53300DA9B2A /* audiounitobjcOSX */ = {
			isa = PBXNativeTarget;
			buildConfigurationList = A2CB497A1D70A53300DA9B2A /* Build configuration list for PBXNativeTarget "audiounitobjcOSX" */;
			buildPhases = (
				A2CB49651D70A53300DA9B2A /* Sources */,
				A2CB49661D70A53300DA9B2A /* Frameworks */,
				A2CB49671D70A53300DA9B2A /* Resources */,
			);
			buildRules = (
			);
			dependencies = (
			);
			name = audiounitobjcOSX;
			productName = audiounitobjcOSX;
			productReference = A2CB49691D70A53300DA9B2A /* audiounitobjcOSX.app */;
			productType = "com.apple.product-type.application";
		};
/* End PBXNativeTarget section */

/* Begin PBXProject section */
		A2CB493D1D709DAD00DA9B2A /* Project object */ = {
			isa = PBXProject;
			attributes = {
				LastUpgradeCheck = 0730;
				ORGANIZATIONNAME = pebble8888;
				TargetAttributes = {
					A2CB49441D709DAD00DA9B2A = {
						CreatedOnToolsVersion = 7.3.1;
					};
					A2CB49681D70A53300DA9B2A = {
						CreatedOnToolsVersion = 7.3.1;
					};
				};
			};
			buildConfigurationList = A2CB49401D709DAD00DA9B2A /* Build configuration list for PBXProject "audiounitobjc" */;
			compatibilityVersion = "Xcode 3.2";
			developmentRegion = English;
			hasScannedForEncodings = 0;
			knownRegions = (
				en,
				Base,
			);
			mainGroup = A2CB493C1D709DAD00DA9B2A;
			productRefGroup = A2CB49461D709DAD00DA9B2A /* Products */;
			projectDirPath = "";
			projectRoot = "";
			targets = (
				A2CB49441D709DAD00DA9B2A /* audiounitobjc */,
				A2CB49681D70A53300DA9B2A /* audiounitobjcOSX */,
			);
		};
/* End PBXProject section */

/* Begin PBXResourcesBuildPhase section */
		A2CB49431D709DAD00DA9B2A /* Resources */ = {
			isa = PBXResourcesBuildPhase;
			buildActionMask = 2147483647;
			files = (
				A2CB49581D709DAD00DA9B2A /* LaunchScreen.storyboard in Resources */,
				A2CB49551D709DAD00DA9B2A /* Assets.xcassets in Resources */,
				A2CB49531D709DAD00DA9B2A /* Main.storyboard in Resources */,
			);
			runOnlyForDeploymentPostprocessing = 0;
		};
		A2CB49671D70A53300DA9B2A /* Resources */ = {
			isa = PBXResourcesBuildPhase;
			buildActionMask = 2147483647;
			files = (
				A2CB49751D70A53300DA9B2A /* Assets.xcassets in Resources */,
				A2CB49781D70A53300DA9B2A /* Main.storyboard in Resources */,
			);
			runOnlyForDeploymentPostprocessing = 0;
		};
/* End PBXResourcesBuildPhase section */

/* Begin PBXSourcesBuildPhase section */
		A2CB49411D709DAD00DA9B2A /* Sources */ = {
			isa = PBXSourcesBuildPhase;
			buildActionMask = 2147483647;
			files = (
				A2CB49501D709DAD00DA9B2A /* ViewController.m in Sources */,
				A2CB494D1D709DAD00DA9B2A /* AppDelegate.m in Sources */,
				A2CB494A1D709DAD00DA9B2A /* main.m in Sources */,
				A2CB49601D709DCB00DA9B2A /* MyAudioPlayer.m in Sources */,
				A2CB49641D70A48600DA9B2A /* ThreadPolicy.c in Sources */,
			);
			runOnlyForDeploymentPostprocessing = 0;
		};
		A2CB49651D70A53300DA9B2A /* Sources */ = {
			isa = PBXSourcesBuildPhase;
			buildActionMask = 2147483647;
			files = (
				A2CB49731D70A53300DA9B2A /* ViewController.m in Sources */,
				A2CB49701D70A53300DA9B2A /* main.m in Sources */,
				A2CB496D1D70A53300DA9B2A /* AppDelegate.m in Sources */,
				A2CB497D1D70A5EF00DA9B2A /* MyAudioPlayer.m in Sources */,
				A2CB497E1D70A5FE00DA9B2A /* ThreadPolicy.c in Sources */,
			);
			runOnlyForDeploymentPostprocessing = 0;
		};
/* End PBXSourcesBuildPhase section */

/* Begin PBXVariantGroup section */
		A2CB49511D709DAD00DA9B2A /* Main.storyboard */ = {
			isa = PBXVariantGroup;
			children = (
				A2CB49521D709DAD00DA9B2A /* Base */,
			);
			name = Main.storyboard;
			sourceTree = "<group>";
		};
		A2CB49561D709DAD00DA9B2A /* LaunchScreen.storyboard */ = {
			isa = PBXVariantGroup;
			children = (
				A2CB49571D709DAD00DA9B2A /* Base */,
			);
			name = LaunchScreen.storyboard;
			sourceTree = "<group>";
		};
		A2CB49761D70A53300DA9B2A /* Main.storyboard */ = {
			isa = PBXVariantGroup;
			children = (
				A2CB49771D70A53300DA9B2A /* Base */,
			);
			name = Main.storyboard;
			sourceTree = "<group>";
		};
/* End PBXVariantGroup section */

/* Begin XCBuildConfiguration section */
		A2CB495A1D709DAD00DA9B2A /* Debug */ = {
			isa = XCBuildConfiguration;
			buildSettings = {
				ALWAYS_SEARCH_USER_PATHS = NO;
				CLANG_ANALYZER_NONNULL = YES;
				CLANG_CXX_LANGUAGE_STANDARD = "gnu++0x";
				CLANG_CXX_LIBRARY = "libc++";
				CLANG_ENABLE_MODULES = YES;
				CLANG_ENABLE_OBJC_ARC = YES;
				CLANG_WARN_BOOL_CONVERSION = YES;
				CLANG_WARN_CONSTANT_CONVERSION = YES;
				CLANG_WARN_DIRECT_OBJC_ISA_USAGE = YES_ERROR;
				CLANG_WARN_EMPTY_BODY = YES;
				CLANG_WARN_ENUM_CONVERSION = YES;
				CLANG_WARN_INT_CONVERSION = YES;
				CLANG_WARN_OBJC_ROOT_CLASS = YES_ERROR;
				CLANG_WARN_UNREACHABLE_CODE = YES;
				CLANG_WARN__DUPLICATE_METHOD_MATCH = YES;
				"CODE_SIGN_IDENTITY[sdk=iphoneos*]" = "iPhone Developer";
				COPY_PHASE_STRIP = NO;
				DEBUG_INFORMATION_FORMAT = dwarf;
				ENABLE_STRICT_OBJC_MSGSEND = YES;
				ENABLE_TESTABILITY = YES;
				GCC_C_LANGUAGE_STANDARD = gnu99;
				GCC_DYNAMIC_NO_PIC = NO;
				GCC_NO_COMMON_BLOCKS = YES;
				GCC_OPTIMIZATION_LEVEL = 0;
				GCC_PREPROCESSOR_DEFINITIONS = (
					"DEBUG=1",
					"$(inherited)",
				);
				GCC_WARN_64_TO_32_BIT_CONVERSION = YES;
				GCC_WARN_ABOUT_RETURN_TYPE = YES_ERROR;
				GCC_WARN_UNDECLARED_SELECTOR = YES;
				GCC_WARN_UNINITIALIZED_AUTOS = YES_AGGRESSIVE;
				GCC_WARN_UNUSED_FUNCTION = YES;
				GCC_WARN_UNUSED_VARIABLE = YES;
				IPHONEOS_DEPLOYMENT_TARGET = 9.3;
				MTL_ENABLE_DEBUG_INFO = YES;
				ONLY_ACTIVE_ARCH = YES;
				SDKROOT = iphoneos;
			};
			name = Debug;
		};
		A2CB495B1D709DAD00DA9B2A /* Release */ = {
			isa = XCBuildConfiguration;
			buildSettings = {
				ALWAYS_SEARCH_USER_PATHS = NO;
				CLANG_ANALYZER_NONNULL = YES;
				CLANG_CXX_LANGUAGE_STANDARD = "gnu++0x";
				CLANG_CXX_LIBRARY = "libc++";
				CLANG_ENABLE_MODULES = YES;
				CLANG_ENABLE_OBJC_ARC = YES;
				CLANG_WARN_BOOL_CONVERSION = YES;
				CLANG_WARN_CONSTANT_CONVERSION = YES;
				CLANG_WARN_DIRECT_OBJC_ISA_USAGE = YES_ERROR;
				CLANG_WARN_EMPTY_BODY = YES;
				CLANG_WARN_ENUM_CONVERSION = YES;
				CLANG_WARN_INT_CONVERSION = YES;
				CLANG_WARN_OBJC_ROOT_CLASS = YES_ERROR;
				CLANG_WARN_UNREACHABLE_CODE = YES;
				CLANG_WARN__DUPLICATE_METHOD_MATCH = YES;
				"CODE_SIGN_IDENTITY[sdk=iphoneos*]" = "iPhone Developer";
				COPY_PHASE_STRIP = NO;
				DEBUG_INFORMATION_FORMAT = "dwarf-with-dsym";
				ENABLE_NS_ASSERTIONS = NO;
				ENABLE_STRICT_OBJC_MSGSEND = YES;
				GCC_C_LANGUAGE_STANDARD = gnu99;
				GCC_NO_COMMON_BLOCKS = YES;
				GCC_WARN_64_TO_32_BIT_CONVERSION = YES;
				GCC_WARN_ABOUT_RETURN_TYPE = YES_ERROR;
				GCC_WARN_UNDECLARED_SELECTOR = YES;
				GCC_WARN_UNINITIALIZED_AUTOS = YES_AGGRESSIVE;
				GCC_WARN_UNUSED_FUNCTION = YES;
				GCC_WARN_UNUSED_VARIABLE = YES;
				IPHONEOS_DEPLOYMENT_TARGET = 9.3;
				MTL_ENABLE_DEBUG_INFO = NO;
				SDKROOT = iphoneos;
				VALIDATE_PRODUCT = YES;
			};
			name = Release;
		};
		A2CB495D1D709DAD00DA9B2A /* Debug */ = {
			isa = XCBuildConfiguration;
			buildSettings = {
				ASSETCATALOG_COMPILER_APPICON_NAME = AppIcon;
				INFOPLIST_FILE = audiounitobjc/Info.plist;
				LD_RUNPATH_SEARCH_PATHS = "$(inherited) @executable_path/Frameworks";
				PRODUCT_BUNDLE_IDENTIFIER = pebble8888.audiounitobjc;
				PRODUCT_NAME = "$(TARGET_NAME)";
			};
			name = Debug;
		};
		A2CB495E1D709DAD00DA9B2A /* Release */ = {
			isa = XCBuildConfiguration;
			buildSettings = {
				ASSETCATALOG_COMPILER_APPICON_NAME = AppIcon;
				INFOPLIST_FILE = audiounitobjc/Info.plist;
				LD_RUNPATH_SEARCH_PATHS = "$(inherited) @executable_path/Frameworks";
				PRODUCT_BUNDLE_IDENTIFIER = pebble8888.audiounitobjc;
				PRODUCT_NAME = "$(TARGET_NAME)";
			};
			name = Release;
		};
		A2CB497B1D70A53300DA9B2A /* Debug */ = {
			isa = XCBuildConfiguration;
			buildSettings = {
				ASSETCATALOG_COMPILER_APPICON_NAME = AppIcon;
				CODE_SIGN_IDENTITY = "-";
				COMBINE_HIDPI_IMAGES = YES;
				INFOPLIST_FILE = audiounitobjcOSX/Info.plist;
				LD_RUNPATH_SEARCH_PATHS = "$(inherited) @executable_path/../Frameworks";
				MACOSX_DEPLOYMENT_TARGET = 10.11;
				PRODUCT_BUNDLE_IDENTIFIER = pebble8888.audiounitobjcOSX;
				PRODUCT_NAME = "$(TARGET_NAME)";
				SDKROOT = macosx;
			};
			name = Debug;
		};
		A2CB497C1D70A53300DA9B2A /* Release */ = {
			isa = XCBuildConfiguration;
			buildSettings = {
				ASSETCATALOG_COMPILER_APPICON_NAME = AppIcon;
				CODE_SIGN_IDENTITY = "-";
				COMBINE_HIDPI_IMAGES = YES;
				INFOPLIST_FILE = audiounitobjcOSX/Info.plist;
				LD_RUNPATH_SEARCH_PATHS = "$(inherited) @executable_path/../Frameworks";
				MACOSX_DEPLOYMENT_TARGET = 10.11;
				PRODUCT_BUNDLE_IDENTIFIER = pebble8888.audiounitobjcOSX;
				PRODUCT_NAME = "$(TARGET_NAME)";
				SDKROOT = macosx;
			};
			name = Release;
		};
/* End XCBuildConfiguration section */

/* Begin XCConfigurationList section */
		A2CB49401D709DAD00DA9B2A /* Build configuration list for PBXProject "audiounitobjc" */ = {
			isa = XCConfigurationList;
			buildConfigurations = (
				A2CB495A1D709DAD00DA9B2A /* Debug */,
				A2CB495B1D709DAD00DA9B2A /* Release */,
			);
			defaultConfigurationIsVisible = 0;
			defaultConfigurationName = Release;
		};
		A2CB495C1D709DAD00DA9B2A /* Build configuration list for PBXNativeTarget "audiounitobjc" */ = {
			isa = XCConfigurationList;
			buildConfigurations = (
				A2CB495D1D709DAD00DA9B2A /* Debug */,
				A2CB495E1D709DAD00DA9B2A /* Release */,
			);
			defaultConfigurationIsVisible = 0;
		};
		A2CB497A1D70A53300DA9B2A /* Build configuration list for PBXNativeTarget "audiounitobjcOSX" */ = {
			isa = XCConfigurationList;
			buildConfigurations = (
				A2CB497B1D70A53300DA9B2A /* Debug */,
				A2CB497C1D70A53300DA9B2A /* Release */,
			);
			defaultConfigurationIsVisible = 0;
		};
/* End XCConfigurationList section */
	};
	rootObject = A2CB493D1D709DAD00DA9B2A /* Project object */;
}
